
Microsoft Visual Studio Solution File, Format Version 12.00
# Visual Studio Version 16
VisualStudioVersion = 16.0.30406.217
MinimumVisualStudioVersion = 10.0.40219.1
Project("{FAE04EC0-301F-11D3-BF4B-00C04F79EFBC}") = "salario-categoria", "salario-categoria\salario-categoria.csproj", "{EA0DC9A5-DA8C-40D2-BED4-33455250BB01}"
EndProject
Global
	GlobalSection(SolutionConfigurationPlatforms) = preSolution
		Debug|Any CPU = Debug|Any CPU
		Release|Any CPU = Release|Any CPU
	EndGlobalSection
	GlobalSection(ProjectConfigurationPlatforms) = postSolution
		{EA0DC9A5-DA8C-40D2-BED4-33455250BB01}.Debug|Any CPU.ActiveCfg = Debug|Any CPU
		{EA0DC9A5-DA8C-40D2-BED4-33455250BB01}.Debug|Any CPU.Build.0 = Debug|Any CPU
		{EA0DC9A5-DA8C-40D2-BED4-33455250BB01}.Release|Any CPU.ActiveCfg = Release|Any CPU
		{EA0DC9A5-DA8C-40D2-BED4-33455250BB01}.Release|Any CPU.Build.0 = Release|Any CPU
	EndGlobalSection
	GlobalSection(SolutionProperties) = preSolution
		HideSolutionNode = FALSE
	EndGlobalSection
	GlobalSection(ExtensibilityGlobals) = postSolution
		SolutionGuid = {C78B8E97-F6F9-4D26-9B11-B779C2BBA4B6}
	EndGlobalSection
EndGlobal
