
Microsoft Visual Studio Solution File, Format Version 12.00
# Visual Studio Version 16
VisualStudioVersion = 16.0.30204.135
MinimumVisualStudioVersion = 10.0.40219.1
Project("{FAE04EC0-301F-11D3-BF4B-00C04F79EFBC}") = "quociente-e-resto", "quociente-e-resto\quociente-e-resto.csproj", "{A86FDCB7-DDA6-44DF-8CE2-3BCF7141D39E}"
EndProject
Global
	GlobalSection(SolutionConfigurationPlatforms) = preSolution
		Debug|Any CPU = Debug|Any CPU
		Release|Any CPU = Release|Any CPU
	EndGlobalSection
	GlobalSection(ProjectConfigurationPlatforms) = postSolution
		{A86FDCB7-DDA6-44DF-8CE2-3BCF7141D39E}.Debug|Any CPU.ActiveCfg = Debug|Any CPU
		{A86FDCB7-DDA6-44DF-8CE2-3BCF7141D39E}.Debug|Any CPU.Build.0 = Debug|Any CPU
		{A86FDCB7-DDA6-44DF-8CE2-3BCF7141D39E}.Release|Any CPU.ActiveCfg = Release|Any CPU
		{A86FDCB7-DDA6-44DF-8CE2-3BCF7141D39E}.Release|Any CPU.Build.0 = Release|Any CPU
	EndGlobalSection
	GlobalSection(SolutionProperties) = preSolution
		HideSolutionNode = FALSE
	EndGlobalSection
	GlobalSection(ExtensibilityGlobals) = postSolution
		SolutionGuid = {F646593C-057F-4F85-AA19-5B2A7D39ECC6}
	EndGlobalSection
EndGlobal
