
Microsoft Visual Studio Solution File, Format Version 12.00
# Visual Studio Version 16
VisualStudioVersion = 16.0.30320.27
MinimumVisualStudioVersion = 10.0.40219.1
Project("{FAE04EC0-301F-11D3-BF4B-00C04F79EFBC}") = "registro-provas", "registro-provas\registro-provas.csproj", "{460188A2-DEEC-466E-83A0-55C8C5901F44}"
EndProject
Global
	GlobalSection(SolutionConfigurationPlatforms) = preSolution
		Debug|Any CPU = Debug|Any CPU
		Release|Any CPU = Release|Any CPU
	EndGlobalSection
	GlobalSection(ProjectConfigurationPlatforms) = postSolution
		{460188A2-DEEC-466E-83A0-55C8C5901F44}.Debug|Any CPU.ActiveCfg = Debug|Any CPU
		{460188A2-DEEC-466E-83A0-55C8C5901F44}.Debug|Any CPU.Build.0 = Debug|Any CPU
		{460188A2-DEEC-466E-83A0-55C8C5901F44}.Release|Any CPU.ActiveCfg = Release|Any CPU
		{460188A2-DEEC-466E-83A0-55C8C5901F44}.Release|Any CPU.Build.0 = Release|Any CPU
	EndGlobalSection
	GlobalSection(SolutionProperties) = preSolution
		HideSolutionNode = FALSE
	EndGlobalSection
	GlobalSection(ExtensibilityGlobals) = postSolution
		SolutionGuid = {DE30B4C5-F3F3-4DBF-9785-0A92B75FE4C6}
	EndGlobalSection
EndGlobal
