
Microsoft Visual Studio Solution File, Format Version 12.00
# Visual Studio Version 16
VisualStudioVersion = 16.0.30406.217
MinimumVisualStudioVersion = 10.0.40219.1
Project("{FAE04EC0-301F-11D3-BF4B-00C04F79EFBC}") = "artigos-loja", "artigos-loja\artigos-loja.csproj", "{21377726-F933-4457-B107-6B09E60E8372}"
EndProject
Global
	GlobalSection(SolutionConfigurationPlatforms) = preSolution
		Debug|Any CPU = Debug|Any CPU
		Release|Any CPU = Release|Any CPU
	EndGlobalSection
	GlobalSection(ProjectConfigurationPlatforms) = postSolution
		{21377726-F933-4457-B107-6B09E60E8372}.Debug|Any CPU.ActiveCfg = Debug|Any CPU
		{21377726-F933-4457-B107-6B09E60E8372}.Debug|Any CPU.Build.0 = Debug|Any CPU
		{21377726-F933-4457-B107-6B09E60E8372}.Release|Any CPU.ActiveCfg = Release|Any CPU
		{21377726-F933-4457-B107-6B09E60E8372}.Release|Any CPU.Build.0 = Release|Any CPU
	EndGlobalSection
	GlobalSection(SolutionProperties) = preSolution
		HideSolutionNode = FALSE
	EndGlobalSection
	GlobalSection(ExtensibilityGlobals) = postSolution
		SolutionGuid = {8174BDB5-3D3E-46FD-8311-35E7A49E3746}
	EndGlobalSection
EndGlobal
