
Microsoft Visual Studio Solution File, Format Version 12.00
# Visual Studio Version 16
VisualStudioVersion = 16.0.30204.135
MinimumVisualStudioVersion = 10.0.40219.1
Project("{FAE04EC0-301F-11D3-BF4B-00C04F79EFBC}") = "calculo-de-area-circuferencia", "calculo-de-area-circuferencia\calculo-de-area-circuferencia.csproj", "{D6253735-62C2-4058-AB3F-CFFCBB166C0F}"
EndProject
Global
	GlobalSection(SolutionConfigurationPlatforms) = preSolution
		Debug|Any CPU = Debug|Any CPU
		Release|Any CPU = Release|Any CPU
	EndGlobalSection
	GlobalSection(ProjectConfigurationPlatforms) = postSolution
		{D6253735-62C2-4058-AB3F-CFFCBB166C0F}.Debug|Any CPU.ActiveCfg = Debug|Any CPU
		{D6253735-62C2-4058-AB3F-CFFCBB166C0F}.Debug|Any CPU.Build.0 = Debug|Any CPU
		{D6253735-62C2-4058-AB3F-CFFCBB166C0F}.Release|Any CPU.ActiveCfg = Release|Any CPU
		{D6253735-62C2-4058-AB3F-CFFCBB166C0F}.Release|Any CPU.Build.0 = Release|Any CPU
	EndGlobalSection
	GlobalSection(SolutionProperties) = preSolution
		HideSolutionNode = FALSE
	EndGlobalSection
	GlobalSection(ExtensibilityGlobals) = postSolution
		SolutionGuid = {617F1307-C116-462B-8F6C-610B485EB6A9}
	EndGlobalSection
EndGlobal
