
Microsoft Visual Studio Solution File, Format Version 12.00
# Visual Studio Version 16
VisualStudioVersion = 16.0.30204.135
MinimumVisualStudioVersion = 10.0.40219.1
Project("{FAE04EC0-301F-11D3-BF4B-00C04F79EFBC}") = "conversor-temperatura", "conversor-temperatura\conversor-temperatura.csproj", "{20A6CB8F-3949-46DF-B868-8A601A32EACD}"
EndProject
Global
	GlobalSection(SolutionConfigurationPlatforms) = preSolution
		Debug|Any CPU = Debug|Any CPU
		Release|Any CPU = Release|Any CPU
	EndGlobalSection
	GlobalSection(ProjectConfigurationPlatforms) = postSolution
		{20A6CB8F-3949-46DF-B868-8A601A32EACD}.Debug|Any CPU.ActiveCfg = Debug|Any CPU
		{20A6CB8F-3949-46DF-B868-8A601A32EACD}.Debug|Any CPU.Build.0 = Debug|Any CPU
		{20A6CB8F-3949-46DF-B868-8A601A32EACD}.Release|Any CPU.ActiveCfg = Release|Any CPU
		{20A6CB8F-3949-46DF-B868-8A601A32EACD}.Release|Any CPU.Build.0 = Release|Any CPU
	EndGlobalSection
	GlobalSection(SolutionProperties) = preSolution
		HideSolutionNode = FALSE
	EndGlobalSection
	GlobalSection(ExtensibilityGlobals) = postSolution
		SolutionGuid = {4A45D22C-8346-4B2F-9F24-1095CB35E82C}
	EndGlobalSection
EndGlobal
