
Microsoft Visual Studio Solution File, Format Version 12.00
# Visual Studio Version 16
VisualStudioVersion = 16.0.30204.135
MinimumVisualStudioVersion = 10.0.40219.1
Project("{FAE04EC0-301F-11D3-BF4B-00C04F79EFBC}") = "quadrado-da-soma", "quadrado-da-soma\quadrado-da-soma.csproj", "{EB29CA41-85AD-4B04-BBAF-4ADD516694DB}"
EndProject
Global
	GlobalSection(SolutionConfigurationPlatforms) = preSolution
		Debug|Any CPU = Debug|Any CPU
		Release|Any CPU = Release|Any CPU
	EndGlobalSection
	GlobalSection(ProjectConfigurationPlatforms) = postSolution
		{EB29CA41-85AD-4B04-BBAF-4ADD516694DB}.Debug|Any CPU.ActiveCfg = Debug|Any CPU
		{EB29CA41-85AD-4B04-BBAF-4ADD516694DB}.Debug|Any CPU.Build.0 = Debug|Any CPU
		{EB29CA41-85AD-4B04-BBAF-4ADD516694DB}.Release|Any CPU.ActiveCfg = Release|Any CPU
		{EB29CA41-85AD-4B04-BBAF-4ADD516694DB}.Release|Any CPU.Build.0 = Release|Any CPU
	EndGlobalSection
	GlobalSection(SolutionProperties) = preSolution
		HideSolutionNode = FALSE
	EndGlobalSection
	GlobalSection(ExtensibilityGlobals) = postSolution
		SolutionGuid = {5A4138D5-E83E-4790-A068-464021252831}
	EndGlobalSection
EndGlobal
