
Microsoft Visual Studio Solution File, Format Version 12.00
# Visual Studio Version 16
VisualStudioVersion = 16.0.30204.135
MinimumVisualStudioVersion = 10.0.40219.1
Project("{FAE04EC0-301F-11D3-BF4B-00C04F79EFBC}") = "calculo-salario-liquido", "calculo-salario-liquido\calculo-salario-liquido.csproj", "{822D03D7-8D47-4262-8346-0F59B429E4D2}"
EndProject
Global
	GlobalSection(SolutionConfigurationPlatforms) = preSolution
		Debug|Any CPU = Debug|Any CPU
		Release|Any CPU = Release|Any CPU
	EndGlobalSection
	GlobalSection(ProjectConfigurationPlatforms) = postSolution
		{822D03D7-8D47-4262-8346-0F59B429E4D2}.Debug|Any CPU.ActiveCfg = Debug|Any CPU
		{822D03D7-8D47-4262-8346-0F59B429E4D2}.Debug|Any CPU.Build.0 = Debug|Any CPU
		{822D03D7-8D47-4262-8346-0F59B429E4D2}.Release|Any CPU.ActiveCfg = Release|Any CPU
		{822D03D7-8D47-4262-8346-0F59B429E4D2}.Release|Any CPU.Build.0 = Release|Any CPU
	EndGlobalSection
	GlobalSection(SolutionProperties) = preSolution
		HideSolutionNode = FALSE
	EndGlobalSection
	GlobalSection(ExtensibilityGlobals) = postSolution
		SolutionGuid = {2ED3407F-5585-4A30-A67D-04F025FEE893}
	EndGlobalSection
EndGlobal
