
Microsoft Visual Studio Solution File, Format Version 12.00
# Visual Studio Version 16
VisualStudioVersion = 16.0.30204.135
MinimumVisualStudioVersion = 10.0.40219.1
Project("{FAE04EC0-301F-11D3-BF4B-00C04F79EFBC}") = "fahrenheit-to-celsius", "fahrenheit-to-celsius\fahrenheit-to-celsius.csproj", "{ADA2A2C2-1F05-4DE2-B2E9-39A997986D0F}"
EndProject
Global
	GlobalSection(SolutionConfigurationPlatforms) = preSolution
		Debug|Any CPU = Debug|Any CPU
		Release|Any CPU = Release|Any CPU
	EndGlobalSection
	GlobalSection(ProjectConfigurationPlatforms) = postSolution
		{ADA2A2C2-1F05-4DE2-B2E9-39A997986D0F}.Debug|Any CPU.ActiveCfg = Debug|Any CPU
		{ADA2A2C2-1F05-4DE2-B2E9-39A997986D0F}.Debug|Any CPU.Build.0 = Debug|Any CPU
		{ADA2A2C2-1F05-4DE2-B2E9-39A997986D0F}.Release|Any CPU.ActiveCfg = Release|Any CPU
		{ADA2A2C2-1F05-4DE2-B2E9-39A997986D0F}.Release|Any CPU.Build.0 = Release|Any CPU
	EndGlobalSection
	GlobalSection(SolutionProperties) = preSolution
		HideSolutionNode = FALSE
	EndGlobalSection
	GlobalSection(ExtensibilityGlobals) = postSolution
		SolutionGuid = {861A180B-A851-4FE8-8557-26A4FBF0863A}
	EndGlobalSection
EndGlobal
